
Microsoft Visual Studio Solution File, Format Version 12.00
# Visual Studio Version 17
VisualStudioVersion = 17.14.36408.4 d17.14
MinimumVisualStudioVersion = 10.0.40219.1
Project("{FAE04EC0-301F-11D3-BF4B-00C04F79EFBC}") = "Matrix1", "Matrix1.csproj", "{8C38B361-A03C-4BDA-A0FD-A7158DA475A6}"
EndProject
Global
	GlobalSection(SolutionConfigurationPlatforms) = preSolution
		Debug|Any CPU = Debug|Any CPU
		Release|Any CPU = Release|Any CPU
	EndGlobalSection
	GlobalSection(ProjectConfigurationPlatforms) = postSolution
		{8C38B361-A03C-4BDA-A0FD-A7158DA475A6}.Debug|Any CPU.ActiveCfg = Debug|Any CPU
		{8C38B361-A03C-4BDA-A0FD-A7158DA475A6}.Debug|Any CPU.Build.0 = Debug|Any CPU
		{8C38B361-A03C-4BDA-A0FD-A7158DA475A6}.Release|Any CPU.ActiveCfg = Release|Any CPU
		{8C38B361-A03C-4BDA-A0FD-A7158DA475A6}.Release|Any CPU.Build.0 = Release|Any CPU
	EndGlobalSection
	GlobalSection(SolutionProperties) = preSolution
		HideSolutionNode = FALSE
	EndGlobalSection
	GlobalSection(ExtensibilityGlobals) = postSolution
		SolutionGuid = {2CC75025-E6F7-457B-86BA-3701C89EB9A0}
	EndGlobalSection
EndGlobal
